
Microsoft Visual Studio Solution File, Format Version 12.00
# Visual Studio Version 16
VisualStudioVersion = 16.0.29709.97
MinimumVisualStudioVersion = 10.0.40219.1
Project("{FAE04EC0-301F-11D3-BF4B-00C04F79EFBC}") = "EntropyApp", "EntropyApp.csproj", "{EDEA21E5-9EEA-4D74-B284-9C567BFE2BB9}"
EndProject
Project("{FAE04EC0-301F-11D3-BF4B-00C04F79EFBC}") = "EntropyLib", "..\EntropyLib\EntropyLib.csproj", "{1BBC6950-2265-449F-A5B3-8AA7C1B4C275}"
EndProject
Global
	GlobalSection(SolutionConfigurationPlatforms) = preSolution
		Debug|Any CPU = Debug|Any CPU
		Release|Any CPU = Release|Any CPU
	EndGlobalSection
	GlobalSection(ProjectConfigurationPlatforms) = postSolution
		{EDEA21E5-9EEA-4D74-B284-9C567BFE2BB9}.Debug|Any CPU.ActiveCfg = Debug|Any CPU
		{EDEA21E5-9EEA-4D74-B284-9C567BFE2BB9}.Debug|Any CPU.Build.0 = Debug|Any CPU
		{EDEA21E5-9EEA-4D74-B284-9C567BFE2BB9}.Release|Any CPU.ActiveCfg = Release|Any CPU
		{EDEA21E5-9EEA-4D74-B284-9C567BFE2BB9}.Release|Any CPU.Build.0 = Release|Any CPU
		{1BBC6950-2265-449F-A5B3-8AA7C1B4C275}.Debug|Any CPU.ActiveCfg = Debug|Any CPU
		{1BBC6950-2265-449F-A5B3-8AA7C1B4C275}.Debug|Any CPU.Build.0 = Debug|Any CPU
		{1BBC6950-2265-449F-A5B3-8AA7C1B4C275}.Release|Any CPU.ActiveCfg = Release|Any CPU
		{1BBC6950-2265-449F-A5B3-8AA7C1B4C275}.Release|Any CPU.Build.0 = Release|Any CPU
	EndGlobalSection
	GlobalSection(SolutionProperties) = preSolution
		HideSolutionNode = FALSE
	EndGlobalSection
	GlobalSection(ExtensibilityGlobals) = postSolution
		SolutionGuid = {29A1F3A9-4084-4874-86BC-82A92B2D8561}
	EndGlobalSection
EndGlobal
